{
  "name": "gbot",
  "version": "1.0.0",
  "lockfileVersion": 1,
  "requires": true,
  "dependencies": {
    "bluebird": {
      "version": "3.5.2",
      "resolved": "https://registry.npmjs.org/bluebird/-/bluebird-3.5.2.tgz",
      "integrity": "sha512-dhHTWMI7kMx5whMQntl7Vr9C6BvV10lFXDAasnqnrMYhXVCzzk6IO9Fo2L75jXHT07WrOngL1WDXOp+yYS91Yg=="
    },
    "discord.js": {
      "version": "11.4.2",
      "resolved": "https://registry.npmjs.org/discord.js/-/discord.js-11.4.2.tgz",
      "integrity": "sha512-MDwpu0lMFTjqomijDl1Ed9miMQe6kB4ifKdP28QZllmLv/HVOJXhatRgjS8urp/wBlOfx+qAYSXcdI5cKGYsfg=="
    },
    "dot-env": {
      "version": "0.0.1",
      "resolved": "https://registry.npmjs.org/dot-env/-/dot-env-0.0.1.tgz",
      "integrity": "sha1-5ENMuMaRQ+RFvCinKUN+T6vYjIA="
    },
    "dotenv": {
      "version": "6.0.0",
      "resolved": "https://registry.npmjs.org/dotenv/-/dotenv-6.0.0.tgz",
      "integrity": "sha512-FlWbnhgjtwD+uNLUGHbMykMOYQaTivdHEmYwAKFjn6GKe/CqY0fNae93ZHTd20snh9ZLr8mTzIL9m0APQ1pjQg=="
    },
    "nodemon": {
      "version": "1.18.4",
      "resolved": "https://registry.npmjs.org/nodemon/-/nodemon-1.18.4.tgz",
      "integrity": "sha512-hyK6vl65IPnky/ee+D3IWvVGgJa/m3No2/Xc/3wanS6Ce1MWjCzH6NnhPJ/vZM+6JFym16jtHx51lmCMB9HDtg=="
    },
    "then-request": {
      "version": "6.0.0",
      "resolved": "https://registry.npmjs.org/then-request/-/then-request-6.0.0.tgz",
      "integrity": "sha512-xA+7uEMc+jsQIoyySJ93Ad08Kuqnik7u6jLS5hR91Z3smAoCfL3M8/MqMlobAa9gzBfO9pA88A/AntfepkkMJQ=="
    }
  }
}
